PODS:
  - Capacitor (7.4.4):
    - CapacitorCordova
  - CapacitorApp (7.1.0):
    - Capacitor
  - CapacitorCordova (7.4.4)
  - CapacitorDevice (7.0.2):
    - Capacitor
  - CapacitorPreferences (7.0.2):
    - Capacitor
  - CapacitorShare (7.0.2):
    - Capacitor
  - CapacitorStatusBar (7.0.3):
    - Capacitor

DEPENDENCIES:
  - "Capacitor (from `../../node_modules/@capacitor/ios`)"
  - "CapacitorApp (from `../../node_modules/@capacitor/app`)"
  - "CapacitorCordova (from `../../node_modules/@capacitor/ios`)"
  - "CapacitorDevice (from `../../node_modules/@capacitor/device`)"
  - "CapacitorPreferences (from `../../node_modules/@capacitor/preferences`)"
  - "CapacitorShare (from `../../node_modules/@capacitor/share`)"
  - "CapacitorStatusBar (from `../../node_modules/@capacitor/status-bar`)"

EXTERNAL SOURCES:
  Capacitor:
    :path: "../../node_modules/@capacitor/ios"
  CapacitorApp:
    :path: "../../node_modules/@capacitor/app"
  CapacitorCordova:
    :path: "../../node_modules/@capacitor/ios"
  CapacitorDevice:
    :path: "../../node_modules/@capacitor/device"
  CapacitorPreferences:
    :path: "../../node_modules/@capacitor/preferences"
  CapacitorShare:
    :path: "../../node_modules/@capacitor/share"
  CapacitorStatusBar:
    :path: "../../node_modules/@capacitor/status-bar"

SPEC CHECKSUMS:
  Capacitor: 09d9ff8e9618e8c4b3cab2bbee34a17215dd2fef
  CapacitorApp: 846d4b4a1dbb19dd1e9029c08ba6f028aa7be862
  CapacitorCordova: bf648a636f3c153f652d312ae145fb508b6ffced
  CapacitorDevice: a50a45f0d075e55e2392c7a4be5404d4f69515de
  CapacitorPreferences: b583b5deb74e564c35968189d25d32c0fd41200d
  CapacitorShare: 051c3ceee0ddf3bb54574851a622bbb317eed5bd
  CapacitorStatusBar: 7d8fcbd6768db014bd721d75e246590b014928e8

PODFILE CHECKSUM: e9614407baf8f187940fd79c4a241ad1ecbdce9c

COCOAPODS: 1.16.2
